
Microsoft Visual Studio Solution File, Format Version 12.00
# Visual Studio 2013
VisualStudioVersion = 12.0.21005.1
MinimumVisualStudioVersion = 10.0.40219.1
Project("{FAE04EC0-301F-11D3-BF4B-00C04F79EFBC}") = "01.AccountInformation", "01.AccountInformation\01.AccountInformation.csproj", "{C316F31A-A100-4DFE-8FA4-C28F908275E2}"
EndProject
Project("{FAE04EC0-301F-11D3-BF4B-00C04F79EFBC}") = "03.Bit-Copy", "03.Bit-Copy\03.Bit-Copy.csproj", "{E0863CF3-2B55-459B-8145-D101AE4228B6}"
EndProject
Project("{FAE04EC0-301F-11D3-BF4B-00C04F79EFBC}") = "04.BitExchange", "04.BitExchange\04.BitExchange.csproj", "{51720881-6B7A-4D36-AF96-F734DD1C530A}"
EndProject
Project("{FAE04EC0-301F-11D3-BF4B-00C04F79EFBC}") = "05.BitSequenceExchange", "05.BitSequenceExchange\05.BitSequenceExchange.csproj", "{829CFF71-7366-4E2C-88AB-06DB5A662CBA}"
EndProject
Project("{FAE04EC0-301F-11D3-BF4B-00C04F79EFBC}") = "06.LargestProductOfDigits", "06.LargestProductOfDigits\06.LargestProductOfDigits.csproj", "{7692C641-60EC-4557-A3C8-F45886682C7F}"
EndProject
Project("{FAE04EC0-301F-11D3-BF4B-00C04F79EFBC}") = "07.ConsoleGraphics", "07.ConsoleGraphics\07.ConsoleGraphics.csproj", "{3C477B7E-441B-4C6F-B963-9438E089A7A9}"
EndProject
Project("{FAE04EC0-301F-11D3-BF4B-00C04F79EFBC}") = "02.Nums", "02.Num\02.Nums.csproj", "{84D5D4F9-ED0B-496A-8FD6-85A332FD5C88}"
EndProject
Global
	GlobalSection(SolutionConfigurationPlatforms) = preSolution
		Debug|Any CPU = Debug|Any CPU
		Release|Any CPU = Release|Any CPU
	EndGlobalSection
	GlobalSection(ProjectConfigurationPlatforms) = postSolution
		{C316F31A-A100-4DFE-8FA4-C28F908275E2}.Debug|Any CPU.ActiveCfg = Debug|Any CPU
		{C316F31A-A100-4DFE-8FA4-C28F908275E2}.Debug|Any CPU.Build.0 = Debug|Any CPU
		{C316F31A-A100-4DFE-8FA4-C28F908275E2}.Release|Any CPU.ActiveCfg = Release|Any CPU
		{C316F31A-A100-4DFE-8FA4-C28F908275E2}.Release|Any CPU.Build.0 = Release|Any CPU
		{E0863CF3-2B55-459B-8145-D101AE4228B6}.Debug|Any CPU.ActiveCfg = Debug|Any CPU
		{E0863CF3-2B55-459B-8145-D101AE4228B6}.Debug|Any CPU.Build.0 = Debug|Any CPU
		{E0863CF3-2B55-459B-8145-D101AE4228B6}.Release|Any CPU.ActiveCfg = Release|Any CPU
		{E0863CF3-2B55-459B-8145-D101AE4228B6}.Release|Any CPU.Build.0 = Release|Any CPU
		{51720881-6B7A-4D36-AF96-F734DD1C530A}.Debug|Any CPU.ActiveCfg = Debug|Any CPU
		{51720881-6B7A-4D36-AF96-F734DD1C530A}.Debug|Any CPU.Build.0 = Debug|Any CPU
		{51720881-6B7A-4D36-AF96-F734DD1C530A}.Release|Any CPU.ActiveCfg = Release|Any CPU
		{51720881-6B7A-4D36-AF96-F734DD1C530A}.Release|Any CPU.Build.0 = Release|Any CPU
		{829CFF71-7366-4E2C-88AB-06DB5A662CBA}.Debug|Any CPU.ActiveCfg = Debug|Any CPU
		{829CFF71-7366-4E2C-88AB-06DB5A662CBA}.Debug|Any CPU.Build.0 = Debug|Any CPU
		{829CFF71-7366-4E2C-88AB-06DB5A662CBA}.Release|Any CPU.ActiveCfg = Release|Any CPU
		{829CFF71-7366-4E2C-88AB-06DB5A662CBA}.Release|Any CPU.Build.0 = Release|Any CPU
		{7692C641-60EC-4557-A3C8-F45886682C7F}.Debug|Any CPU.ActiveCfg = Debug|Any CPU
		{7692C641-60EC-4557-A3C8-F45886682C7F}.Debug|Any CPU.Build.0 = Debug|Any CPU
		{7692C641-60EC-4557-A3C8-F45886682C7F}.Release|Any CPU.ActiveCfg = Release|Any CPU
		{7692C641-60EC-4557-A3C8-F45886682C7F}.Release|Any CPU.Build.0 = Release|Any CPU
		{3C477B7E-441B-4C6F-B963-9438E089A7A9}.Debug|Any CPU.ActiveCfg = Debug|Any CPU
		{3C477B7E-441B-4C6F-B963-9438E089A7A9}.Debug|Any CPU.Build.0 = Debug|Any CPU
		{3C477B7E-441B-4C6F-B963-9438E089A7A9}.Release|Any CPU.ActiveCfg = Release|Any CPU
		{3C477B7E-441B-4C6F-B963-9438E089A7A9}.Release|Any CPU.Build.0 = Release|Any CPU
		{84D5D4F9-ED0B-496A-8FD6-85A332FD5C88}.Debug|Any CPU.ActiveCfg = Debug|Any CPU
		{84D5D4F9-ED0B-496A-8FD6-85A332FD5C88}.Debug|Any CPU.Build.0 = Debug|Any CPU
		{84D5D4F9-ED0B-496A-8FD6-85A332FD5C88}.Release|Any CPU.ActiveCfg = Release|Any CPU
		{84D5D4F9-ED0B-496A-8FD6-85A332FD5C88}.Release|Any CPU.Build.0 = Release|Any CPU
	EndGlobalSection
	GlobalSection(SolutionProperties) = preSolution
		HideSolutionNode = FALSE
	EndGlobalSection
EndGlobal
