
Microsoft Visual Studio Solution File, Format Version 12.00
# Visual Studio 2013
VisualStudioVersion = 12.0.21005.1
MinimumVisualStudioVersion = 10.0.40219.1
Project("{FAE04EC0-301F-11D3-BF4B-00C04F79EFBC}") = "01.DeclareVariables", "01.DeclareVariables\01.DeclareVariables.csproj", "{91E2F748-FDFA-460D-B8E5-61465897C1C8}"
EndProject
Project("{FAE04EC0-301F-11D3-BF4B-00C04F79EFBC}") = "02.FloatOrDouble", "02.FloatOrDouble\02.FloatOrDouble.csproj", "{79CC6987-B1CF-45AF-9497-65B584586B6A}"
EndProject
Project("{FAE04EC0-301F-11D3-BF4B-00C04F79EFBC}") = "03.VariableInHexFormat", "03.VariableInHexFormat\03.VariableInHexFormat.csproj", "{5CCDCC2C-CDE3-4E7D-8F37-0C859FFEB6E3}"
EndProject
Project("{FAE04EC0-301F-11D3-BF4B-00C04F79EFBC}") = "04.UnicodeCharacter", "03.UnicodeCharacter\04.UnicodeCharacter.csproj", "{F1C01F86-525C-4050-ADD9-DEA549D55CB3}"
EndProject
Project("{FAE04EC0-301F-11D3-BF4B-00C04F79EFBC}") = "05.BooleanVariable", "05.BooleanVariable\05.BooleanVariable.csproj", "{A9F8C3EC-504F-43A1-A7CA-9921D844F484}"
EndProject
Project("{FAE04EC0-301F-11D3-BF4B-00C04F79EFBC}") = "06.StringsAndObjects", "06.StringsAndObjects\06.StringsAndObjects.csproj", "{A534B21A-BB7F-4870-AECA-3024F2CFF533}"
EndProject
Project("{FAE04EC0-301F-11D3-BF4B-00C04F79EFBC}") = "07.QuotesInStrings", "07.QuotesInStrings\07.QuotesInStrings.csproj", "{4346EB31-F624-4997-84E4-F66155A35A5C}"
EndProject
Project("{FAE04EC0-301F-11D3-BF4B-00C04F79EFBC}") = "08.IsoscelesTriangle", "08.IsoscelesTriangle\08.IsoscelesTriangle.csproj", "{DB092709-6A3D-4680-803A-F6C447F5B34E}"
EndProject
Project("{FAE04EC0-301F-11D3-BF4B-00C04F79EFBC}") = "09.ExchangeVariableValues", "09.ExchangeVariableValues\09.ExchangeVariableValues.csproj", "{0564BFB2-D458-4D24-AFB4-CF0665525B23}"
EndProject
Project("{FAE04EC0-301F-11D3-BF4B-00C04F79EFBC}") = "10.EmployeeData", "10.EmployeeData\10.EmployeeData.csproj", "{5A8572FC-E86C-481B-8418-DF75E5E8E801}"
EndProject
Project("{FAE04EC0-301F-11D3-BF4B-00C04F79EFBC}") = "11.BankAccountData", "11.BankAccountData\11.BankAccountData.csproj", "{971A1E96-0ED4-4CF4-A222-561177DCB2E1}"
EndProject
Project("{FAE04EC0-301F-11D3-BF4B-00C04F79EFBC}") = "12.NullVariablesArithmetic", "12.NullVariablesArithmetic\12.NullVariablesArithmetic.csproj", "{E65996CE-1975-4594-ABD9-44F4201AF5AD}"
EndProject
Project("{FAE04EC0-301F-11D3-BF4B-00C04F79EFBC}") = "13.ComparingFloats", "13.ComparingFloats\13.ComparingFloats.csproj", "{547BE2F5-8D7B-4D35-BDE8-E2A89B35D3AE}"
EndProject
Project("{FAE04EC0-301F-11D3-BF4B-00C04F79EFBC}") = "14.PrintTheASCIITable", "14.PrintTheASCIITable\14.PrintTheASCIITable.csproj", "{FB7C7D1A-9B58-488F-B598-69BD2D38421D}"
EndProject
Project("{FAE04EC0-301F-11D3-BF4B-00C04F79EFBC}") = "15.JoroTheFootballPlayer", "15.JoroTheFootballPlayer\15.JoroTheFootballPlayer.csproj", "{AEA9849D-B440-4B70-9A45-C5758DC0C9E9}"
EndProject
Project("{FAE04EC0-301F-11D3-BF4B-00C04F79EFBC}") = "16.HalfSum", "16.HalfSum\16.HalfSum.csproj", "{9D0367FC-44C6-49C0-9068-1CE4170CF5C1}"
EndProject
Project("{FAE04EC0-301F-11D3-BF4B-00C04F79EFBC}") = "17.Sunglasses", "17.Sunglasses\17.Sunglasses.csproj", "{374AF30D-BF7B-45B4-BF8C-522B07C50F72}"
EndProject
Global
	GlobalSection(SolutionConfigurationPlatforms) = preSolution
		Debug|Any CPU = Debug|Any CPU
		Release|Any CPU = Release|Any CPU
	EndGlobalSection
	GlobalSection(ProjectConfigurationPlatforms) = postSolution
		{91E2F748-FDFA-460D-B8E5-61465897C1C8}.Debug|Any CPU.ActiveCfg = Debug|Any CPU
		{91E2F748-FDFA-460D-B8E5-61465897C1C8}.Debug|Any CPU.Build.0 = Debug|Any CPU
		{91E2F748-FDFA-460D-B8E5-61465897C1C8}.Release|Any CPU.ActiveCfg = Release|Any CPU
		{91E2F748-FDFA-460D-B8E5-61465897C1C8}.Release|Any CPU.Build.0 = Release|Any CPU
		{79CC6987-B1CF-45AF-9497-65B584586B6A}.Debug|Any CPU.ActiveCfg = Debug|Any CPU
		{79CC6987-B1CF-45AF-9497-65B584586B6A}.Debug|Any CPU.Build.0 = Debug|Any CPU
		{79CC6987-B1CF-45AF-9497-65B584586B6A}.Release|Any CPU.ActiveCfg = Release|Any CPU
		{79CC6987-B1CF-45AF-9497-65B584586B6A}.Release|Any CPU.Build.0 = Release|Any CPU
		{5CCDCC2C-CDE3-4E7D-8F37-0C859FFEB6E3}.Debug|Any CPU.ActiveCfg = Debug|Any CPU
		{5CCDCC2C-CDE3-4E7D-8F37-0C859FFEB6E3}.Debug|Any CPU.Build.0 = Debug|Any CPU
		{5CCDCC2C-CDE3-4E7D-8F37-0C859FFEB6E3}.Release|Any CPU.ActiveCfg = Release|Any CPU
		{5CCDCC2C-CDE3-4E7D-8F37-0C859FFEB6E3}.Release|Any CPU.Build.0 = Release|Any CPU
		{F1C01F86-525C-4050-ADD9-DEA549D55CB3}.Debug|Any CPU.ActiveCfg = Debug|Any CPU
		{F1C01F86-525C-4050-ADD9-DEA549D55CB3}.Debug|Any CPU.Build.0 = Debug|Any CPU
		{F1C01F86-525C-4050-ADD9-DEA549D55CB3}.Release|Any CPU.ActiveCfg = Release|Any CPU
		{F1C01F86-525C-4050-ADD9-DEA549D55CB3}.Release|Any CPU.Build.0 = Release|Any CPU
		{A9F8C3EC-504F-43A1-A7CA-9921D844F484}.Debug|Any CPU.ActiveCfg = Debug|Any CPU
		{A9F8C3EC-504F-43A1-A7CA-9921D844F484}.Debug|Any CPU.Build.0 = Debug|Any CPU
		{A9F8C3EC-504F-43A1-A7CA-9921D844F484}.Release|Any CPU.ActiveCfg = Release|Any CPU
		{A9F8C3EC-504F-43A1-A7CA-9921D844F484}.Release|Any CPU.Build.0 = Release|Any CPU
		{A534B21A-BB7F-4870-AECA-3024F2CFF533}.Debug|Any CPU.ActiveCfg = Debug|Any CPU
		{A534B21A-BB7F-4870-AECA-3024F2CFF533}.Debug|Any CPU.Build.0 = Debug|Any CPU
		{A534B21A-BB7F-4870-AECA-3024F2CFF533}.Release|Any CPU.ActiveCfg = Release|Any CPU
		{A534B21A-BB7F-4870-AECA-3024F2CFF533}.Release|Any CPU.Build.0 = Release|Any CPU
		{4346EB31-F624-4997-84E4-F66155A35A5C}.Debug|Any CPU.ActiveCfg = Debug|Any CPU
		{4346EB31-F624-4997-84E4-F66155A35A5C}.Debug|Any CPU.Build.0 = Debug|Any CPU
		{4346EB31-F624-4997-84E4-F66155A35A5C}.Release|Any CPU.ActiveCfg = Release|Any CPU
		{4346EB31-F624-4997-84E4-F66155A35A5C}.Release|Any CPU.Build.0 = Release|Any CPU
		{DB092709-6A3D-4680-803A-F6C447F5B34E}.Debug|Any CPU.ActiveCfg = Debug|Any CPU
		{DB092709-6A3D-4680-803A-F6C447F5B34E}.Debug|Any CPU.Build.0 = Debug|Any CPU
		{DB092709-6A3D-4680-803A-F6C447F5B34E}.Release|Any CPU.ActiveCfg = Release|Any CPU
		{DB092709-6A3D-4680-803A-F6C447F5B34E}.Release|Any CPU.Build.0 = Release|Any CPU
		{0564BFB2-D458-4D24-AFB4-CF0665525B23}.Debug|Any CPU.ActiveCfg = Debug|Any CPU
		{0564BFB2-D458-4D24-AFB4-CF0665525B23}.Debug|Any CPU.Build.0 = Debug|Any CPU
		{0564BFB2-D458-4D24-AFB4-CF0665525B23}.Release|Any CPU.ActiveCfg = Release|Any CPU
		{0564BFB2-D458-4D24-AFB4-CF0665525B23}.Release|Any CPU.Build.0 = Release|Any CPU
		{5A8572FC-E86C-481B-8418-DF75E5E8E801}.Debug|Any CPU.ActiveCfg = Debug|Any CPU
		{5A8572FC-E86C-481B-8418-DF75E5E8E801}.Debug|Any CPU.Build.0 = Debug|Any CPU
		{5A8572FC-E86C-481B-8418-DF75E5E8E801}.Release|Any CPU.ActiveCfg = Release|Any CPU
		{5A8572FC-E86C-481B-8418-DF75E5E8E801}.Release|Any CPU.Build.0 = Release|Any CPU
		{971A1E96-0ED4-4CF4-A222-561177DCB2E1}.Debug|Any CPU.ActiveCfg = Debug|Any CPU
		{971A1E96-0ED4-4CF4-A222-561177DCB2E1}.Debug|Any CPU.Build.0 = Debug|Any CPU
		{971A1E96-0ED4-4CF4-A222-561177DCB2E1}.Release|Any CPU.ActiveCfg = Release|Any CPU
		{971A1E96-0ED4-4CF4-A222-561177DCB2E1}.Release|Any CPU.Build.0 = Release|Any CPU
		{E65996CE-1975-4594-ABD9-44F4201AF5AD}.Debug|Any CPU.ActiveCfg = Debug|Any CPU
		{E65996CE-1975-4594-ABD9-44F4201AF5AD}.Debug|Any CPU.Build.0 = Debug|Any CPU
		{E65996CE-1975-4594-ABD9-44F4201AF5AD}.Release|Any CPU.ActiveCfg = Release|Any CPU
		{E65996CE-1975-4594-ABD9-44F4201AF5AD}.Release|Any CPU.Build.0 = Release|Any CPU
		{547BE2F5-8D7B-4D35-BDE8-E2A89B35D3AE}.Debug|Any CPU.ActiveCfg = Debug|Any CPU
		{547BE2F5-8D7B-4D35-BDE8-E2A89B35D3AE}.Debug|Any CPU.Build.0 = Debug|Any CPU
		{547BE2F5-8D7B-4D35-BDE8-E2A89B35D3AE}.Release|Any CPU.ActiveCfg = Release|Any CPU
		{547BE2F5-8D7B-4D35-BDE8-E2A89B35D3AE}.Release|Any CPU.Build.0 = Release|Any CPU
		{FB7C7D1A-9B58-488F-B598-69BD2D38421D}.Debug|Any CPU.ActiveCfg = Debug|Any CPU
		{FB7C7D1A-9B58-488F-B598-69BD2D38421D}.Debug|Any CPU.Build.0 = Debug|Any CPU
		{FB7C7D1A-9B58-488F-B598-69BD2D38421D}.Release|Any CPU.ActiveCfg = Release|Any CPU
		{FB7C7D1A-9B58-488F-B598-69BD2D38421D}.Release|Any CPU.Build.0 = Release|Any CPU
		{AEA9849D-B440-4B70-9A45-C5758DC0C9E9}.Debug|Any CPU.ActiveCfg = Debug|Any CPU
		{AEA9849D-B440-4B70-9A45-C5758DC0C9E9}.Debug|Any CPU.Build.0 = Debug|Any CPU
		{AEA9849D-B440-4B70-9A45-C5758DC0C9E9}.Release|Any CPU.ActiveCfg = Release|Any CPU
		{AEA9849D-B440-4B70-9A45-C5758DC0C9E9}.Release|Any CPU.Build.0 = Release|Any CPU
		{9D0367FC-44C6-49C0-9068-1CE4170CF5C1}.Debug|Any CPU.ActiveCfg = Debug|Any CPU
		{9D0367FC-44C6-49C0-9068-1CE4170CF5C1}.Debug|Any CPU.Build.0 = Debug|Any CPU
		{9D0367FC-44C6-49C0-9068-1CE4170CF5C1}.Release|Any CPU.ActiveCfg = Release|Any CPU
		{9D0367FC-44C6-49C0-9068-1CE4170CF5C1}.Release|Any CPU.Build.0 = Release|Any CPU
		{374AF30D-BF7B-45B4-BF8C-522B07C50F72}.Debug|Any CPU.ActiveCfg = Debug|Any CPU
		{374AF30D-BF7B-45B4-BF8C-522B07C50F72}.Debug|Any CPU.Build.0 = Debug|Any CPU
		{374AF30D-BF7B-45B4-BF8C-522B07C50F72}.Release|Any CPU.ActiveCfg = Release|Any CPU
		{374AF30D-BF7B-45B4-BF8C-522B07C50F72}.Release|Any CPU.Build.0 = Release|Any CPU
	EndGlobalSection
	GlobalSection(SolutionProperties) = preSolution
		HideSolutionNode = FALSE
	EndGlobalSection
EndGlobal
